// !$*UTF8*$!
{
	archiveVersion = 1;
	classes = {
	};
	objectVersion = 50;
	objects = {

/* Begin PBXBuildFile section */
		5713F7E0214FAA190048FF4E /* AppDelegate.m in Sources */ = {isa = PBXBuildFile; fileRef = 5713F7DF214FAA190048FF4E /* AppDelegate.m */; };
		5713F7E8214FAA1A0048FF4E /* Assets.xcassets in Resources */ = {isa = PBXBuildFile; fileRef = 5713F7E7214FAA1A0048FF4E /* Assets.xcassets */; };
		5713F7EE214FAA1A0048FF4E /* main.m in Sources */ = {isa = PBXBuildFile; fileRef = 5713F7ED214FAA1A0048FF4E /* main.m */; };
		5713F7F8214FAA1A0048FF4E /* CalendarExampleOneTests.m in Sources */ = {isa = PBXBuildFile; fileRef = 5713F7F7214FAA1A0048FF4E /* CalendarExampleOneTests.m */; };
		5713F803214FAA1A0048FF4E /* CalendarExampleOneUITests.m in Sources */ = {isa = PBXBuildFile; fileRef = 5713F802214FAA1A0048FF4E /* CalendarExampleOneUITests.m */; };
		5713F828214FAA840048FF4E /* WMCalendarView.m in Sources */ = {isa = PBXBuildFile; fileRef = 5713F813214FAA830048FF4E /* WMCalendarView.m */; };
		5713F829214FAA840048FF4E /* WMCalenderVPicker.xib in Resources */ = {isa = PBXBuildFile; fileRef = 5713F814214FAA830048FF4E /* WMCalenderVPicker.xib */; };
		5713F82A214FAA840048FF4E /* NoDataPointView.m in Sources */ = {isa = PBXBuildFile; fileRef = 5713F815214FAA830048FF4E /* NoDataPointView.m */; };
		5713F82B214FAA840048FF4E /* WMCalendarCell.m in Sources */ = {isa = PBXBuildFile; fileRef = 5713F816214FAA830048FF4E /* WMCalendarCell.m */; };
		5713F82C214FAA840048FF4E /* WMCalendarAllDateCell.m in Sources */ = {isa = PBXBuildFile; fileRef = 5713F817214FAA830048FF4E /* WMCalendarAllDateCell.m */; };
		5713F82D214FAA840048FF4E /* UIPickerView+WMPickerV.m in Sources */ = {isa = PBXBuildFile; fileRef = 5713F81A214FAA830048FF4E /* UIPickerView+WMPickerV.m */; };
		5713F82E214FAA840048FF4E /* WMCalendarAllView.xib in Resources */ = {isa = PBXBuildFile; fileRef = 5713F81B214FAA830048FF4E /* WMCalendarAllView.xib */; };
		5713F82F214FAA840048FF4E /* WMCalendarHeaderView.m in Sources */ = {isa = PBXBuildFile; fileRef = 5713F81C214FAA830048FF4E /* WMCalendarHeaderView.m */; };
		5713F830214FAA840048FF4E /* WMCalendarHeaderView.xib in Resources */ = {isa = PBXBuildFile; fileRef = 5713F81E214FAA830048FF4E /* WMCalendarHeaderView.xib */; };
		5713F831214FAA840048FF4E /* WMCalenderVPicker.m in Sources */ = {isa = PBXBuildFile; fileRef = 5713F81F214FAA830048FF4E /* WMCalenderVPicker.m */; };
		5713F832214FAA840048FF4E /* WMCalendarAllDateCell.xib in Resources */ = {isa = PBXBuildFile; fileRef = 5713F820214FAA830048FF4E /* WMCalendarAllDateCell.xib */; };
		5713F833214FAA840048FF4E /* WMCalendarAllView.m in Sources */ = {isa = PBXBuildFile; fileRef = 5713F821214FAA830048FF4E /* WMCalendarAllView.m */; };
		5713F834214FAA840048FF4E /* NoDataPointView.xib in Resources */ = {isa = PBXBuildFile; fileRef = 5713F824214FAA830048FF4E /* NoDataPointView.xib */; };
		5713F835214FAA840048FF4E /* WMCalendarVC.m in Sources */ = {isa = PBXBuildFile; fileRef = 5713F827214FAA840048FF4E /* WMCalendarVC.m */; };
/* End PBXBuildFile section */

/* Begin PBXContainerItemProxy section */
		5713F7F4214FAA1A0048FF4E /* PBXContainerItemProxy */ = {
			isa = PBXContainerItemProxy;
			containerPortal = 5713F7D3214FAA190048FF4E /* Project object */;
			proxyType = 1;
			remoteGlobalIDString = 5713F7DA214FAA190048FF4E;
			remoteInfo = CalendarExampleOne;
		};
		5713F7FF214FAA1A0048FF4E /* PBXContainerItemProxy */ = {
			isa = PBXContainerItemProxy;
			containerPortal = 5713F7D3214FAA190048FF4E /* Project object */;
			proxyType = 1;
			remoteGlobalIDString = 5713F7DA214FAA190048FF4E;
			remoteInfo = CalendarExampleOne;
		};
/* End PBXContainerItemProxy section */

/* Begin PBXFileReference section */
		5713F7DB214FAA190048FF4E /* CalendarExampleOne.app */ = {isa = PBXFileReference; explicitFileType = wrapper.application; includeInIndex = 0; path = CalendarExampleOne.app; sourceTree = BUILT_PRODUCTS_DIR; };
		5713F7DE214FAA190048FF4E /* AppDelegate.h */ = {isa = PBXFileReference; lastKnownFileType = sourcecode.c.h; path = AppDelegate.h; sourceTree = "<group>"; };
		5713F7DF214FAA190048FF4E /* AppDelegate.m */ = {isa = PBXFileReference; lastKnownFileType = sourcecode.c.objc; path = AppDelegate.m; sourceTree = "<group>"; };
		5713F7E7214FAA1A0048FF4E /* Assets.xcassets */ = {isa = PBXFileReference; lastKnownFileType = folder.assetcatalog; path = Assets.xcassets; sourceTree = "<group>"; };
		5713F7EC214FAA1A0048FF4E /* Info.plist */ = {isa = PBXFileReference; lastKnownFileType = text.plist.xml; path = Info.plist; sourceTree = "<group>"; };
		5713F7ED214FAA1A0048FF4E /* main.m */ = {isa = PBXFileReference; lastKnownFileType = sourcecode.c.objc; path = main.m; sourceTree = "<group>"; };
		5713F7F3214FAA1A0048FF4E /* CalendarExampleOneTests.xctest */ = {isa = PBXFileReference; explicitFileType = wrapper.cfbundle; includeInIndex = 0; path = CalendarExampleOneTests.xctest; sourceTree = BUILT_PRODUCTS_DIR; };
		5713F7F7214FAA1A0048FF4E /* CalendarExampleOneTests.m */ = {isa = PBXFileReference; lastKnownFileType = sourcecode.c.objc; path = CalendarExampleOneTests.m; sourceTree = "<group>"; };
		5713F7F9214FAA1A0048FF4E /* Info.plist */ = {isa = PBXFileReference; lastKnownFileType = text.plist.xml; path = Info.plist; sourceTree = "<group>"; };
		5713F7FE214FAA1A0048FF4E /* CalendarExampleOneUITests.xctest */ = {isa = PBXFileReference; explicitFileType = wrapper.cfbundle; includeInIndex = 0; path = CalendarExampleOneUITests.xctest; sourceTree = BUILT_PRODUCTS_DIR; };
		5713F802214FAA1A0048FF4E /* CalendarExampleOneUITests.m */ = {isa = PBXFileReference; lastKnownFileType = sourcecode.c.objc; path = CalendarExampleOneUITests.m; sourceTree = "<group>"; };
		5713F804214FAA1A0048FF4E /* Info.plist */ = {isa = PBXFileReference; lastKnownFileType = text.plist.xml; path = Info.plist; sourceTree = "<group>"; };
		5713F811214FAA830048FF4E /* WMCalendarHeaderView.h */ = {isa = PBXFileReference; fileEncoding = 4; lastKnownFileType = sourcecode.c.h; path = WMCalendarHeaderView.h; sourceTree = "<group>"; };
		5713F812214FAA830048FF4E /* UIPickerView+WMPickerV.h */ = {isa = PBXFileReference; fileEncoding = 4; lastKnownFileType = sourcecode.c.h; path = "UIPickerView+WMPickerV.h"; sourceTree = "<group>"; };
		5713F813214FAA830048FF4E /* WMCalendarView.m */ = {isa = PBXFileReference; fileEncoding = 4; lastKnownFileType = sourcecode.c.objc; path = WMCalendarView.m; sourceTree = "<group>"; };
		5713F814214FAA830048FF4E /* WMCalenderVPicker.xib */ = {isa = PBXFileReference; fileEncoding = 4; lastKnownFileType = file.xib; path = WMCalenderVPicker.xib; sourceTree = "<group>"; };
		5713F815214FAA830048FF4E /* NoDataPointView.m */ = {isa = PBXFileReference; fileEncoding = 4; lastKnownFileType = sourcecode.c.objc; path = NoDataPointView.m; sourceTree = "<group>"; };
		5713F816214FAA830048FF4E /* WMCalendarCell.m */ = {isa = PBXFileReference; fileEncoding = 4; lastKnownFileType = sourcecode.c.objc; path = WMCalendarCell.m; sourceTree = "<group>"; };
		5713F817214FAA830048FF4E /* WMCalendarAllDateCell.m */ = {isa = PBXFileReference; fileEncoding = 4; lastKnownFileType = sourcecode.c.objc; path = WMCalendarAllDateCell.m; sourceTree = "<group>"; };
		5713F818214FAA830048FF4E /* WMCalendarAllView.h */ = {isa = PBXFileReference; fileEncoding = 4; lastKnownFileType = sourcecode.c.h; path = WMCalendarAllView.h; sourceTree = "<group>"; };
		5713F819214FAA830048FF4E /* WMCalenderVPicker.h */ = {isa = PBXFileReference; fileEncoding = 4; lastKnownFileType = sourcecode.c.h; path = WMCalenderVPicker.h; sourceTree = "<group>"; };
		5713F81A214FAA830048FF4E /* UIPickerView+WMPickerV.m */ = {isa = PBXFileReference; fileEncoding = 4; lastKnownFileType = sourcecode.c.objc; path = "UIPickerView+WMPickerV.m"; sourceTree = "<group>"; };
		5713F81B214FAA830048FF4E /* WMCalendarAllView.xib */ = {isa = PBXFileReference; fileEncoding = 4; lastKnownFileType = file.xib; path = WMCalendarAllView.xib; sourceTree = "<group>"; };
		5713F81C214FAA830048FF4E /* WMCalendarHeaderView.m */ = {isa = PBXFileReference; fileEncoding = 4; lastKnownFileType = sourcecode.c.objc; path = WMCalendarHeaderView.m; sourceTree = "<group>"; };
		5713F81D214FAA830048FF4E /* WMCalendarView.h */ = {isa = PBXFileReference; fileEncoding = 4; lastKnownFileType = sourcecode.c.h; path = WMCalendarView.h; sourceTree = "<group>"; };
		5713F81E214FAA830048FF4E /* WMCalendarHeaderView.xib */ = {isa = PBXFileReference; fileEncoding = 4; lastKnownFileType = file.xib; path = WMCalendarHeaderView.xib; sourceTree = "<group>"; };
		5713F81F214FAA830048FF4E /* WMCalenderVPicker.m */ = {isa = PBXFileReference; fileEncoding = 4; lastKnownFileType = sourcecode.c.objc; path = WMCalenderVPicker.m; sourceTree = "<group>"; };
		5713F820214FAA830048FF4E /* WMCalendarAllDateCell.xib */ = {isa = PBXFileReference; fileEncoding = 4; lastKnownFileType = file.xib; path = WMCalendarAllDateCell.xib; sourceTree = "<group>"; };
		5713F821214FAA830048FF4E /* WMCalendarAllView.m */ = {isa = PBXFileReference; fileEncoding = 4; lastKnownFileType = sourcecode.c.objc; path = WMCalendarAllView.m; sourceTree = "<group>"; };
		5713F822214FAA830048FF4E /* WMCalendarAllDateCell.h */ = {isa = PBXFileReference; fileEncoding = 4; lastKnownFileType = sourcecode.c.h; path = WMCalendarAllDateCell.h; sourceTree = "<group>"; };
		5713F823214FAA830048FF4E /* WMCalendarCell.h */ = {isa = PBXFileReference; fileEncoding = 4; lastKnownFileType = sourcecode.c.h; path = WMCalendarCell.h; sourceTree = "<group>"; };
		5713F824214FAA830048FF4E /* NoDataPointView.xib */ = {isa = PBXFileReference; fileEncoding = 4; lastKnownFileType = file.xib; path = NoDataPointView.xib; sourceTree = "<group>"; };
		5713F825214FAA830048FF4E /* NoDataPointView.h */ = {isa = PBXFileReference; fileEncoding = 4; lastKnownFileType = sourcecode.c.h; path = NoDataPointView.h; sourceTree = "<group>"; };
		5713F826214FAA840048FF4E /* WMCalendarVC.h */ = {isa = PBXFileReference; fileEncoding = 4; lastKnownFileType = sourcecode.c.h; path = WMCalendarVC.h; sourceTree = "<group>"; };
		5713F827214FAA840048FF4E /* WMCalendarVC.m */ = {isa = PBXFileReference; fileEncoding = 4; lastKnownFileType = sourcecode.c.objc; path = WMCalendarVC.m; sourceTree = "<group>"; };
/* End PBXFileReference section */

/* Begin PBXFrameworksBuildPhase section */
		5713F7D8214FAA190048FF4E /* Frameworks */ = {
			isa = PBXFrameworksBuildPhase;
			buildActionMask = 2147483647;
			files = (
			);
			runOnlyForDeploymentPostprocessing = 0;
		};
		5713F7F0214FAA1A0048FF4E /* Frameworks */ = {
			isa = PBXFrameworksBuildPhase;
			buildActionMask = 2147483647;
			files = (
			);
			runOnlyForDeploymentPostprocessing = 0;
		};
		5713F7FB214FAA1A0048FF4E /* Frameworks */ = {
			isa = PBXFrameworksBuildPhase;
			buildActionMask = 2147483647;
			files = (
			);
			runOnlyForDeploymentPostprocessing = 0;
		};
/* End PBXFrameworksBuildPhase section */

/* Begin PBXGroup section */
		5713F7D2214FAA190048FF4E = {
			isa = PBXGroup;
			children = (
				5713F7DD214FAA190048FF4E /* CalendarExampleOne */,
				5713F7F6214FAA1A0048FF4E /* CalendarExampleOneTests */,
				5713F801214FAA1A0048FF4E /* CalendarExampleOneUITests */,
				5713F7DC214FAA190048FF4E /* Products */,
			);
			sourceTree = "<group>";
		};
		5713F7DC214FAA190048FF4E /* Products */ = {
			isa = PBXGroup;
			children = (
				5713F7DB214FAA190048FF4E /* CalendarExampleOne.app */,
				5713F7F3214FAA1A0048FF4E /* CalendarExampleOneTests.xctest */,
				5713F7FE214FAA1A0048FF4E /* CalendarExampleOneUITests.xctest */,
			);
			name = Products;
			sourceTree = "<group>";
		};
		5713F7DD214FAA190048FF4E /* CalendarExampleOne */ = {
			isa = PBXGroup;
			children = (
				5713F810214FAA830048FF4E /* CalendarView */,
				5713F826214FAA840048FF4E /* WMCalendarVC.h */,
				5713F827214FAA840048FF4E /* WMCalendarVC.m */,
				5713F7DE214FAA190048FF4E /* AppDelegate.h */,
				5713F7DF214FAA190048FF4E /* AppDelegate.m */,
				5713F7E7214FAA1A0048FF4E /* Assets.xcassets */,
				5713F7EC214FAA1A0048FF4E /* Info.plist */,
				5713F7ED214FAA1A0048FF4E /* main.m */,
			);
			path = CalendarExampleOne;
			sourceTree = "<group>";
		};
		5713F7F6214FAA1A0048FF4E /* CalendarExampleOneTests */ = {
			isa = PBXGroup;
			children = (
				5713F7F7214FAA1A0048FF4E /* CalendarExampleOneTests.m */,
				5713F7F9214FAA1A0048FF4E /* Info.plist */,
			);
			path = CalendarExampleOneTests;
			sourceTree = "<group>";
		};
		5713F801214FAA1A0048FF4E /* CalendarExampleOneUITests */ = {
			isa = PBXGroup;
			children = (
				5713F802214FAA1A0048FF4E /* CalendarExampleOneUITests.m */,
				5713F804214FAA1A0048FF4E /* Info.plist */,
			);
			path = CalendarExampleOneUITests;
			sourceTree = "<group>";
		};
		5713F810214FAA830048FF4E /* CalendarView */ = {
			isa = PBXGroup;
			children = (
				5713F811214FAA830048FF4E /* WMCalendarHeaderView.h */,
				5713F812214FAA830048FF4E /* UIPickerView+WMPickerV.h */,
				5713F813214FAA830048FF4E /* WMCalendarView.m */,
				5713F814214FAA830048FF4E /* WMCalenderVPicker.xib */,
				5713F815214FAA830048FF4E /* NoDataPointView.m */,
				5713F816214FAA830048FF4E /* WMCalendarCell.m */,
				5713F817214FAA830048FF4E /* WMCalendarAllDateCell.m */,
				5713F818214FAA830048FF4E /* WMCalendarAllView.h */,
				5713F819214FAA830048FF4E /* WMCalenderVPicker.h */,
				5713F81A214FAA830048FF4E /* UIPickerView+WMPickerV.m */,
				5713F81B214FAA830048FF4E /* WMCalendarAllView.xib */,
				5713F81C214FAA830048FF4E /* WMCalendarHeaderView.m */,
				5713F81D214FAA830048FF4E /* WMCalendarView.h */,
				5713F81E214FAA830048FF4E /* WMCalendarHeaderView.xib */,
				5713F81F214FAA830048FF4E /* WMCalenderVPicker.m */,
				5713F820214FAA830048FF4E /* WMCalendarAllDateCell.xib */,
				5713F821214FAA830048FF4E /* WMCalendarAllView.m */,
				5713F822214FAA830048FF4E /* WMCalendarAllDateCell.h */,
				5713F823214FAA830048FF4E /* WMCalendarCell.h */,
				5713F824214FAA830048FF4E /* NoDataPointView.xib */,
				5713F825214FAA830048FF4E /* NoDataPointView.h */,
			);
			path = CalendarView;
			sourceTree = "<group>";
		};
/* End PBXGroup section */

/* Begin PBXNativeTarget section */
		5713F7DA214FAA190048FF4E /* CalendarExampleOne */ = {
			isa = PBXNativeTarget;
			buildConfigurationList = 5713F807214FAA1A0048FF4E /* Build configuration list for PBXNativeTarget "CalendarExampleOne" */;
			buildPhases = (
				5713F7D7214FAA190048FF4E /* Sources */,
				5713F7D8214FAA190048FF4E /* Frameworks */,
				5713F7D9214FAA190048FF4E /* Resources */,
			);
			buildRules = (
			);
			dependencies = (
			);
			name = CalendarExampleOne;
			productName = CalendarExampleOne;
			productReference = 5713F7DB214FAA190048FF4E /* CalendarExampleOne.app */;
			productType = "com.apple.product-type.application";
		};
		5713F7F2214FAA1A0048FF4E /* CalendarExampleOneTests */ = {
			isa = PBXNativeTarget;
			buildConfigurationList = 5713F80A214FAA1A0048FF4E /* Build configuration list for PBXNativeTarget "CalendarExampleOneTests" */;
			buildPhases = (
				5713F7EF214FAA1A0048FF4E /* Sources */,
				5713F7F0214FAA1A0048FF4E /* Frameworks */,
				5713F7F1214FAA1A0048FF4E /* Resources */,
			);
			buildRules = (
			);
			dependencies = (
				5713F7F5214FAA1A0048FF4E /* PBXTargetDependency */,
			);
			name = CalendarExampleOneTests;
			productName = CalendarExampleOneTests;
			productReference = 5713F7F3214FAA1A0048FF4E /* CalendarExampleOneTests.xctest */;
			productType = "com.apple.product-type.bundle.unit-test";
		};
		5713F7FD214FAA1A0048FF4E /* CalendarExampleOneUITests */ = {
			isa = PBXNativeTarget;
			buildConfigurationList = 5713F80D214FAA1A0048FF4E /* Build configuration list for PBXNativeTarget "CalendarExampleOneUITests" */;
			buildPhases = (
				5713F7FA214FAA1A0048FF4E /* Sources */,
				5713F7FB214FAA1A0048FF4E /* Frameworks */,
				5713F7FC214FAA1A0048FF4E /* Resources */,
			);
			buildRules = (
			);
			dependencies = (
				5713F800214FAA1A0048FF4E /* PBXTargetDependency */,
			);
			name = CalendarExampleOneUITests;
			productName = CalendarExampleOneUITests;
			productReference = 5713F7FE214FAA1A0048FF4E /* CalendarExampleOneUITests.xctest */;
			productType = "com.apple.product-type.bundle.ui-testing";
		};
/* End PBXNativeTarget section */

/* Begin PBXProject section */
		5713F7D3214FAA190048FF4E /* Project object */ = {
			isa = PBXProject;
			attributes = {
				LastUpgradeCheck = 0940;
				ORGANIZATIONNAME = Heaven;
				TargetAttributes = {
					5713F7DA214FAA190048FF4E = {
						CreatedOnToolsVersion = 9.4.1;
					};
					5713F7F2214FAA1A0048FF4E = {
						CreatedOnToolsVersion = 9.4.1;
						TestTargetID = 5713F7DA214FAA190048FF4E;
					};
					5713F7FD214FAA1A0048FF4E = {
						CreatedOnToolsVersion = 9.4.1;
						TestTargetID = 5713F7DA214FAA190048FF4E;
					};
				};
			};
			buildConfigurationList = 5713F7D6214FAA190048FF4E /* Build configuration list for PBXProject "CalendarExampleOne" */;
			compatibilityVersion = "Xcode 9.3";
			developmentRegion = en;
			hasScannedForEncodings = 0;
			knownRegions = (
				en,
				Base,
			);
			mainGroup = 5713F7D2214FAA190048FF4E;
			productRefGroup = 5713F7DC214FAA190048FF4E /* Products */;
			projectDirPath = "";
			projectRoot = "";
			targets = (
				5713F7DA214FAA190048FF4E /* CalendarExampleOne */,
				5713F7F2214FAA1A0048FF4E /* CalendarExampleOneTests */,
				5713F7FD214FAA1A0048FF4E /* CalendarExampleOneUITests */,
			);
		};
/* End PBXProject section */

/* Begin PBXResourcesBuildPhase section */
		5713F7D9214FAA190048FF4E /* Resources */ = {
			isa = PBXResourcesBuildPhase;
			buildActionMask = 2147483647;
			files = (
				5713F82E214FAA840048FF4E /* WMCalendarAllView.xib in Resources */,
				5713F830214FAA840048FF4E /* WMCalendarHeaderView.xib in Resources */,
				5713F832214FAA840048FF4E /* WMCalendarAllDateCell.xib in Resources */,
				5713F829214FAA840048FF4E /* WMCalenderVPicker.xib in Resources */,
				5713F7E8214FAA1A0048FF4E /* Assets.xcassets in Resources */,
				5713F834214FAA840048FF4E /* NoDataPointView.xib in Resources */,
			);
			runOnlyForDeploymentPostprocessing = 0;
		};
		5713F7F1214FAA1A0048FF4E /* Resources */ = {
			isa = PBXResourcesBuildPhase;
			buildActionMask = 2147483647;
			files = (
			);
			runOnlyForDeploymentPostprocessing = 0;
		};
		5713F7FC214FAA1A0048FF4E /* Resources */ = {
			isa = PBXResourcesBuildPhase;
			buildActionMask = 2147483647;
			files = (
			);
			runOnlyForDeploymentPostprocessing = 0;
		};
/* End PBXResourcesBuildPhase section */

/* Begin PBXSourcesBuildPhase section */
		5713F7D7214FAA190048FF4E /* Sources */ = {
			isa = PBXSourcesBuildPhase;
			buildActionMask = 2147483647;
			files = (
				5713F831214FAA840048FF4E /* WMCalenderVPicker.m in Sources */,
				5713F82D214FAA840048FF4E /* UIPickerView+WMPickerV.m in Sources */,
				5713F82A214FAA840048FF4E /* NoDataPointView.m in Sources */,
				5713F82B214FAA840048FF4E /* WMCalendarCell.m in Sources */,
				5713F835214FAA840048FF4E /* WMCalendarVC.m in Sources */,
				5713F82F214FAA840048FF4E /* WMCalendarHeaderView.m in Sources */,
				5713F7EE214FAA1A0048FF4E /* main.m in Sources */,
				5713F833214FAA840048FF4E /* WMCalendarAllView.m in Sources */,
				5713F828214FAA840048FF4E /* WMCalendarView.m in Sources */,
				5713F7E0214FAA190048FF4E /* AppDelegate.m in Sources */,
				5713F82C214FAA840048FF4E /* WMCalendarAllDateCell.m in Sources */,
			);
			runOnlyForDeploymentPostprocessing = 0;
		};
		5713F7EF214FAA1A0048FF4E /* Sources */ = {
			isa = PBXSourcesBuildPhase;
			buildActionMask = 2147483647;
			files = (
				5713F7F8214FAA1A0048FF4E /* CalendarExampleOneTests.m in Sources */,
			);
			runOnlyForDeploymentPostprocessing = 0;
		};
		5713F7FA214FAA1A0048FF4E /* Sources */ = {
			isa = PBXSourcesBuildPhase;
			buildActionMask = 2147483647;
			files = (
				5713F803214FAA1A0048FF4E /* CalendarExampleOneUITests.m in Sources */,
			);
			runOnlyForDeploymentPostprocessing = 0;
		};
/* End PBXSourcesBuildPhase section */

/* Begin PBXTargetDependency section */
		5713F7F5214FAA1A0048FF4E /* PBXTargetDependency */ = {
			isa = PBXTargetDependency;
			target = 5713F7DA214FAA190048FF4E /* CalendarExampleOne */;
			targetProxy = 5713F7F4214FAA1A0048FF4E /* PBXContainerItemProxy */;
		};
		5713F800214FAA1A0048FF4E /* PBXTargetDependency */ = {
			isa = PBXTargetDependency;
			target = 5713F7DA214FAA190048FF4E /* CalendarExampleOne */;
			targetProxy = 5713F7FF214FAA1A0048FF4E /* PBXContainerItemProxy */;
		};
/* End PBXTargetDependency section */

/* Begin XCBuildConfiguration section */
		5713F805214FAA1A0048FF4E /* Debug */ = {
			isa = XCBuildConfiguration;
			buildSettings = {
				ALWAYS_SEARCH_USER_PATHS = NO;
				CLANG_ANALYZER_NONNULL = YES;
				CLANG_ANALYZER_NUMBER_OBJECT_CONVERSION = YES_AGGRESSIVE;
				CLANG_CXX_LANGUAGE_STANDARD = "gnu++14";
				CLANG_CXX_LIBRARY = "libc++";
				CLANG_ENABLE_MODULES = YES;
				CLANG_ENABLE_OBJC_ARC = YES;
				CLANG_ENABLE_OBJC_WEAK = YES;
				CLANG_WARN_BLOCK_CAPTURE_AUTORELEASING = YES;
				CLANG_WARN_BOOL_CONVERSION = YES;
				CLANG_WARN_COMMA = YES;
				CLANG_WARN_CONSTANT_CONVERSION = YES;
				CLANG_WARN_DEPRECATED_OBJC_IMPLEMENTATIONS = YES;
				CLANG_WARN_DIRECT_OBJC_ISA_USAGE = YES_ERROR;
				CLANG_WARN_DOCUMENTATION_COMMENTS = YES;
				CLANG_WARN_EMPTY_BODY = YES;
				CLANG_WARN_ENUM_CONVERSION = YES;
				CLANG_WARN_INFINITE_RECURSION = YES;
				CLANG_WARN_INT_CONVERSION = YES;
				CLANG_WARN_NON_LITERAL_NULL_CONVERSION = YES;
				CLANG_WARN_OBJC_IMPLICIT_RETAIN_SELF = YES;
				CLANG_WARN_OBJC_LITERAL_CONVERSION = YES;
				CLANG_WARN_OBJC_ROOT_CLASS = YES_ERROR;
				CLANG_WARN_RANGE_LOOP_ANALYSIS = YES;
				CLANG_WARN_STRICT_PROTOTYPES = YES;
				CLANG_WARN_SUSPICIOUS_MOVE = YES;
				CLANG_WARN_UNGUARDED_AVAILABILITY = YES_AGGRESSIVE;
				CLANG_WARN_UNREACHABLE_CODE = YES;
				CLANG_WARN__DUPLICATE_METHOD_MATCH = YES;
				CODE_SIGN_IDENTITY = "iPhone Developer";
				COPY_PHASE_STRIP = NO;
				DEBUG_INFORMATION_FORMAT = dwarf;
				ENABLE_STRICT_OBJC_MSGSEND = YES;
				ENABLE_TESTABILITY = YES;
				GCC_C_LANGUAGE_STANDARD = gnu11;
				GCC_DYNAMIC_NO_PIC = NO;
				GCC_NO_COMMON_BLOCKS = YES;
				GCC_OPTIMIZATION_LEVEL = 0;
				GCC_PREPROCESSOR_DEFINITIONS = (
					"DEBUG=1",
					"$(inherited)",
				);
				GCC_WARN_64_TO_32_BIT_CONVERSION = YES;
				GCC_WARN_ABOUT_RETURN_TYPE = YES_ERROR;
				GCC_WARN_UNDECLARED_SELECTOR = YES;
				GCC_WARN_UNINITIALIZED_AUTOS = YES_AGGRESSIVE;
				GCC_WARN_UNUSED_FUNCTION = YES;
				GCC_WARN_UNUSED_VARIABLE = YES;
				IPHONEOS_DEPLOYMENT_TARGET = 11.4;
				MTL_ENABLE_DEBUG_INFO = YES;
				ONLY_ACTIVE_ARCH = YES;
				SDKROOT = iphoneos;
			};
			name = Debug;
		};
		5713F806214FAA1A0048FF4E /* Release */ = {
			isa = XCBuildConfiguration;
			buildSettings = {
				ALWAYS_SEARCH_USER_PATHS = NO;
				CLANG_ANALYZER_NONNULL = YES;
				CLANG_ANALYZER_NUMBER_OBJECT_CONVERSION = YES_AGGRESSIVE;
				CLANG_CXX_LANGUAGE_STANDARD = "gnu++14";
				CLANG_CXX_LIBRARY = "libc++";
				CLANG_ENABLE_MODULES = YES;
				CLANG_ENABLE_OBJC_ARC = YES;
				CLANG_ENABLE_OBJC_WEAK = YES;
				CLANG_WARN_BLOCK_CAPTURE_AUTORELEASING = YES;
				CLANG_WARN_BOOL_CONVERSION = YES;
				CLANG_WARN_COMMA = YES;
				CLANG_WARN_CONSTANT_CONVERSION = YES;
				CLANG_WARN_DEPRECATED_OBJC_IMPLEMENTATIONS = YES;
				CLANG_WARN_DIRECT_OBJC_ISA_USAGE = YES_ERROR;
				CLANG_WARN_DOCUMENTATION_COMMENTS = YES;
				CLANG_WARN_EMPTY_BODY = YES;
				CLANG_WARN_ENUM_CONVERSION = YES;
				CLANG_WARN_INFINITE_RECURSION = YES;
				CLANG_WARN_INT_CONVERSION = YES;
				CLANG_WARN_NON_LITERAL_NULL_CONVERSION = YES;
				CLANG_WARN_OBJC_IMPLICIT_RETAIN_SELF = YES;
				CLANG_WARN_OBJC_LITERAL_CONVERSION = YES;
				CLANG_WARN_OBJC_ROOT_CLASS = YES_ERROR;
				CLANG_WARN_RANGE_LOOP_ANALYSIS = YES;
				CLANG_WARN_STRICT_PROTOTYPES = YES;
				CLANG_WARN_SUSPICIOUS_MOVE = YES;
				CLANG_WARN_UNGUARDED_AVAILABILITY = YES_AGGRESSIVE;
				CLANG_WARN_UNREACHABLE_CODE = YES;
				CLANG_WARN__DUPLICATE_METHOD_MATCH = YES;
				CODE_SIGN_IDENTITY = "iPhone Developer";
				COPY_PHASE_STRIP = NO;
				DEBUG_INFORMATION_FORMAT = "dwarf-with-dsym";
				ENABLE_NS_ASSERTIONS = NO;
				ENABLE_STRICT_OBJC_MSGSEND = YES;
				GCC_C_LANGUAGE_STANDARD = gnu11;
				GCC_NO_COMMON_BLOCKS = YES;
				GCC_WARN_64_TO_32_BIT_CONVERSION = YES;
				GCC_WARN_ABOUT_RETURN_TYPE = YES_ERROR;
				GCC_WARN_UNDECLARED_SELECTOR = YES;
				GCC_WARN_UNINITIALIZED_AUTOS = YES_AGGRESSIVE;
				GCC_WARN_UNUSED_FUNCTION = YES;
				GCC_WARN_UNUSED_VARIABLE = YES;
				IPHONEOS_DEPLOYMENT_TARGET = 11.4;
				MTL_ENABLE_DEBUG_INFO = NO;
				SDKROOT = iphoneos;
				VALIDATE_PRODUCT = YES;
			};
			name = Release;
		};
		5713F808214FAA1A0048FF4E /* Debug */ = {
			isa = XCBuildConfiguration;
			buildSettings = {
				ASSETCATALOG_COMPILER_APPICON_NAME = AppIcon;
				CODE_SIGN_STYLE = Automatic;
				INFOPLIST_FILE = CalendarExampleOne/Info.plist;
				IPHONEOS_DEPLOYMENT_TARGET = 8;
				LD_RUNPATH_SEARCH_PATHS = (
					"$(inherited)",
					"@executable_path/Frameworks",
				);
				PRODUCT_BUNDLE_IDENTIFIER = heaven.CalendarExampleOne;
				PRODUCT_NAME = "$(TARGET_NAME)";
				TARGETED_DEVICE_FAMILY = 1;
			};
			name = Debug;
		};
		5713F809214FAA1A0048FF4E /* Release */ = {
			isa = XCBuildConfiguration;
			buildSettings = {
				ASSETCATALOG_COMPILER_APPICON_NAME = AppIcon;
				CODE_SIGN_STYLE = Automatic;
				INFOPLIST_FILE = CalendarExampleOne/Info.plist;
				IPHONEOS_DEPLOYMENT_TARGET = 8;
				LD_RUNPATH_SEARCH_PATHS = (
					"$(inherited)",
					"@executable_path/Frameworks",
				);
				PRODUCT_BUNDLE_IDENTIFIER = heaven.CalendarExampleOne;
				PRODUCT_NAME = "$(TARGET_NAME)";
				TARGETED_DEVICE_FAMILY = 1;
			};
			name = Release;
		};
		5713F80B214FAA1A0048FF4E /* Debug */ = {
			isa = XCBuildConfiguration;
			buildSettings = {
				BUNDLE_LOADER = "$(TEST_HOST)";
				CODE_SIGN_STYLE = Automatic;
				INFOPLIST_FILE = CalendarExampleOneTests/Info.plist;
				LD_RUNPATH_SEARCH_PATHS = (
					"$(inherited)",
					"@executable_path/Frameworks",
					"@loader_path/Frameworks",
				);
				PRODUCT_BUNDLE_IDENTIFIER = heaven.CalendarExampleOneTests;
				PRODUCT_NAME = "$(TARGET_NAME)";
				TARGETED_DEVICE_FAMILY = "1,2";
				TEST_HOST = "$(BUILT_PRODUCTS_DIR)/CalendarExampleOne.app/CalendarExampleOne";
			};
			name = Debug;
		};
		5713F80C214FAA1A0048FF4E /* Release */ = {
			isa = XCBuildConfiguration;
			buildSettings = {
				BUNDLE_LOADER = "$(TEST_HOST)";
				CODE_SIGN_STYLE = Automatic;
				INFOPLIST_FILE = CalendarExampleOneTests/Info.plist;
				LD_RUNPATH_SEARCH_PATHS = (
					"$(inherited)",
					"@executable_path/Frameworks",
					"@loader_path/Frameworks",
				);
				PRODUCT_BUNDLE_IDENTIFIER = heaven.CalendarExampleOneTests;
				PRODUCT_NAME = "$(TARGET_NAME)";
				TARGETED_DEVICE_FAMILY = "1,2";
				TEST_HOST = "$(BUILT_PRODUCTS_DIR)/CalendarExampleOne.app/CalendarExampleOne";
			};
			name = Release;
		};
		5713F80E214FAA1A0048FF4E /* Debug */ = {
			isa = XCBuildConfiguration;
			buildSettings = {
				CODE_SIGN_STYLE = Automatic;
				INFOPLIST_FILE = CalendarExampleOneUITests/Info.plist;
				LD_RUNPATH_SEARCH_PATHS = (
					"$(inherited)",
					"@executable_path/Frameworks",
					"@loader_path/Frameworks",
				);
				PRODUCT_BUNDLE_IDENTIFIER = heaven.CalendarExampleOneUITests;
				PRODUCT_NAME = "$(TARGET_NAME)";
				TARGETED_DEVICE_FAMILY = "1,2";
				TEST_TARGET_NAME = CalendarExampleOne;
			};
			name = Debug;
		};
		5713F80F214FAA1A0048FF4E /* Release */ = {
			isa = XCBuildConfiguration;
			buildSettings = {
				CODE_SIGN_STYLE = Automatic;
				INFOPLIST_FILE = CalendarExampleOneUITests/Info.plist;
				LD_RUNPATH_SEARCH_PATHS = (
					"$(inherited)",
					"@executable_path/Frameworks",
					"@loader_path/Frameworks",
				);
				PRODUCT_BUNDLE_IDENTIFIER = heaven.CalendarExampleOneUITests;
				PRODUCT_NAME = "$(TARGET_NAME)";
				TARGETED_DEVICE_FAMILY = "1,2";
				TEST_TARGET_NAME = CalendarExampleOne;
			};
			name = Release;
		};
/* End XCBuildConfiguration section */

/* Begin XCConfigurationList section */
		5713F7D6214FAA190048FF4E /* Build configuration list for PBXProject "CalendarExampleOne" */ = {
			isa = XCConfigurationList;
			buildConfigurations = (
				5713F805214FAA1A0048FF4E /* Debug */,
				5713F806214FAA1A0048FF4E /* Release */,
			);
			defaultConfigurationIsVisible = 0;
			defaultConfigurationName = Release;
		};
		5713F807214FAA1A0048FF4E /* Build configuration list for PBXNativeTarget "CalendarExampleOne" */ = {
			isa = XCConfigurationList;
			buildConfigurations = (
				5713F808214FAA1A0048FF4E /* Debug */,
				5713F809214FAA1A0048FF4E /* Release */,
			);
			defaultConfigurationIsVisible = 0;
			defaultConfigurationName = Release;
		};
		5713F80A214FAA1A0048FF4E /* Build configuration list for PBXNativeTarget "CalendarExampleOneTests" */ = {
			isa = XCConfigurationList;
			buildConfigurations = (
				5713F80B214FAA1A0048FF4E /* Debug */,
				5713F80C214FAA1A0048FF4E /* Release */,
			);
			defaultConfigurationIsVisible = 0;
			defaultConfigurationName = Release;
		};
		5713F80D214FAA1A0048FF4E /* Build configuration list for PBXNativeTarget "CalendarExampleOneUITests" */ = {
			isa = XCConfigurationList;
			buildConfigurations = (
				5713F80E214FAA1A0048FF4E /* Debug */,
				5713F80F214FAA1A0048FF4E /* Release */,
			);
			defaultConfigurationIsVisible = 0;
			defaultConfigurationName = Release;
		};
/* End XCConfigurationList section */
	};
	rootObject = 5713F7D3214FAA190048FF4E /* Project object */;
}
